
Microsoft Visual Studio Solution File, Format Version 12.00
# Visual Studio 15
VisualStudioVersion = 15.0.28307.960
MinimumVisualStudioVersion = 10.0.40219.1
Project("{8BC9CEB8-8B4A-11D0-8D11-00A0C91BC942}") = "RedBlackTree", "RedBlackTree\RedBlackTree.vcxproj", "{FFFF63AC-4ABB-46D4-8F67-78A57A6EBEF6}"
EndProject
Global
	GlobalSection(SolutionConfigurationPlatforms) = preSolution
		Debug|x64 = Debug|x64
		Debug|x86 = Debug|x86
		Release|x64 = Release|x64
		Release|x86 = Release|x86
	EndGlobalSection
	GlobalSection(ProjectConfigurationPlatforms) = postSolution
		{FFFF63AC-4ABB-46D4-8F67-78A57A6EBEF6}.Debug|x64.ActiveCfg = Debug|x64
		{FFFF63AC-4ABB-46D4-8F67-78A57A6EBEF6}.Debug|x64.Build.0 = Debug|x64
		{FFFF63AC-4ABB-46D4-8F67-78A57A6EBEF6}.Debug|x86.ActiveCfg = Debug|Win32
		{FFFF63AC-4ABB-46D4-8F67-78A57A6EBEF6}.Debug|x86.Build.0 = Debug|Win32
		{FFFF63AC-4ABB-46D4-8F67-78A57A6EBEF6}.Release|x64.ActiveCfg = Release|x64
		{FFFF63AC-4ABB-46D4-8F67-78A57A6EBEF6}.Release|x64.Build.0 = Release|x64
		{FFFF63AC-4ABB-46D4-8F67-78A57A6EBEF6}.Release|x86.ActiveCfg = Release|Win32
		{FFFF63AC-4ABB-46D4-8F67-78A57A6EBEF6}.Release|x86.Build.0 = Release|Win32
	EndGlobalSection
	GlobalSection(SolutionProperties) = preSolution
		HideSolutionNode = FALSE
	EndGlobalSection
	GlobalSection(ExtensibilityGlobals) = postSolution
		SolutionGuid = {9B0B999B-54AB-42F4-9EE5-656847C774B7}
	EndGlobalSection
EndGlobal
